
Microsoft Visual Studio Solution File, Format Version 12.00
# Visual Studio 15
VisualStudioVersion = 15.0.27130.2036
MinimumVisualStudioVersion = 10.0.40219.1
Project("{FAE04EC0-301F-11D3-BF4B-00C04F79EFBC}") = "WebApiDemo", "WebApiDemo\WebApiDemo.csproj", "{4DAB9E5E-3D0E-4336-B9F6-214A99EAF403}"
EndProject
Global
	GlobalSection(SolutionConfigurationPlatforms) = preSolution
		Debug|Any CPU = Debug|Any CPU
		Release|Any CPU = Release|Any CPU
	EndGlobalSection
	GlobalSection(ProjectConfigurationPlatforms) = postSolution
		{4DAB9E5E-3D0E-4336-B9F6-214A99EAF403}.Debug|Any CPU.ActiveCfg = Debug|Any CPU
		{4DAB9E5E-3D0E-4336-B9F6-214A99EAF403}.Debug|Any CPU.Build.0 = Debug|Any CPU
		{4DAB9E5E-3D0E-4336-B9F6-214A99EAF403}.Release|Any CPU.ActiveCfg = Release|Any CPU
		{4DAB9E5E-3D0E-4336-B9F6-214A99EAF403}.Release|Any CPU.Build.0 = Release|Any CPU
	EndGlobalSection
	GlobalSection(SolutionProperties) = preSolution
		HideSolutionNode = FALSE
	EndGlobalSection
	GlobalSection(ExtensibilityGlobals) = postSolution
		SolutionGuid = {2FE06159-7F32-4670-8ACA-70AC47D898B1}
	EndGlobalSection
EndGlobal
